{
  "name": "template",
  "version": "0.0.0",
  "lockfileVersion": 1,
  "requires": true,
  "dependencies": {
    "is-buffer": {
      "version": "2.0.5",
      "resolved": "https://registry.npmjs.org/is-buffer/-/is-buffer-2.0.5.tgz",
      "integrity": "sha512-i2R6zNFDwgEHJyQUtJEk0XFi1i0dPFn/oqjK3/vPCcDeJvW5NQ83V8QbicfF1SupOaB0h8ntgBC2YiE7dfyctQ=="
    },
    "nspell": {
      "version": "2.1.4",
      "resolved": "https://registry.npmjs.org/nspell/-/nspell-2.1.4.tgz",
      "integrity": "sha512-nlMEyhE6kyR2GoTm2ldrVlEmK5xgFHXayQEqLhb+3yYa8ncKtjsoYJo3ahYwrZsNaCZr822S5ZRlEqYdMQy9xw==",
      "requires": {
        "is-buffer": "^2.0.0"
      }
    }
  }
}
